hash: 8560b3563e7b15a9e0ab39f71dd6da2e29ce7ed4aca35c97d11ac9ac3c75b0b7
updated: 2018-11-26T09:46:37.190447+03:00
imports:
- name: github.com/gogo/protobuf
  version: 636bf0302bc95575d69441b25a2603156ffdddf1
  subpackages:
  - gogoproto
  - jsonpb
  - proto
  - protoc-gen-gogo/descriptor
  - sortkeys
  - types
- name: github.com/golang/crypto
  version: 4d3f4d9ffa16a13f451c3b2999e9c49e9750bf06
  subpackages:
  - ripemd160
  - ssh/terminal
- name: github.com/golang/protobuf
  version: aa810b61a9c79d51363740d207bb46cf8e620ed5
  subpackages:
  - proto
- name: github.com/golang/snappy
  version: 2e65f85255dbc3072edf28d6b5b8efc472979f5a
- name: github.com/google/uuid
  version: 9b3b1e0f5f99ae461456d768e7d301a7acdaa2d8
- name: github.com/gorilla/websocket
  version: 66b9c49e59c6c48f0ffce28c2d8b8a5678502c6d
- name: github.com/huin/goupnp
  version: 656e61dfadd241c7cbdd22a023fa81ecb6860ea8
  subpackages:
  - dcps/internetgateway1
  - dcps/internetgateway2
  - httpu
  - scpd
  - soap
  - ssdp
- name: github.com/imdario/mergo
  version: 9f23e2d6bd2a77f959b2bf6acdbefd708a83a4a4
- name: github.com/itchyny/base58-go
  version: 56d50cf40874c738595ef72ee2445a4de104d27d
- name: github.com/jackpal/gateway
  version: cbcf4e3f3baee7952fc386c8b2534af4d267c875
- name: github.com/jackpal/go-nat-pmp
  version: d89d09f6f3329bc3c2479aa3cafd76a5aa93a35c
- name: github.com/jpillora/backoff
  version: 3050d21c67d7c46b07ca1b5e1be0b26669c8d04c
- name: github.com/klauspost/cpuid
  version: e7e905edc00ea8827e58662220139109efea09db
- name: github.com/klauspost/reedsolomon
  version: 925cb01d65108f2c935e02fdb79ff4a055a4a20d
- name: github.com/nknorg/go-nat
  version: 6339479af9cce1e6c4f5efe96c0306fb6149397c
- name: github.com/nknorg/go-portscanner
  version: 8493ef01db79ae14a973300a38600c7400e265d8
- name: github.com/nknorg/gopass
  version: 9ddc09fe41c891b7987acd1bf75f9067a56c17f5
- name: github.com/nknorg/nnet
  version: ae33039c242f1d2a4e13cd690d98b7a8f4f0cfa6
  subpackages:
  - cache
  - common
  - config
  - log
  - message
  - node
  - overlay
  - overlay/chord
  - overlay/routing
  - protobuf
  - transport
  - util
- name: github.com/op/go-logging
  version: 970db520ece77730c7e4724c61121037378659d9
- name: github.com/patrickmn/go-cache
  version: a3647f8e31d79543b2d0f0ae2fe5c379d72cedc0
- name: github.com/pborman/uuid
  version: adf5a7427709b9deb95d29d3fa8a2bf9cfd388f1
- name: github.com/pkg/errors
  version: 059132a15dd08d6704c67711dae0cf35ab991756
- name: github.com/rdegges/go-ipify
  version: 2d94a6a86c4055118cc30fae2aaed47ec01f2210
- name: github.com/syndtr/goleveldb
  version: 6b91fda63f2e36186f1c9d0e48578defb69c5d43
  subpackages:
  - leveldb
  - leveldb/cache
  - leveldb/comparer
  - leveldb/errors
  - leveldb/filter
  - leveldb/iterator
  - leveldb/journal
  - leveldb/memdb
  - leveldb/opt
  - leveldb/storage
  - leveldb/table
  - leveldb/util
- name: github.com/templexxx/cpufeat
  version: cef66df7f161dee20f4d650da7268d77eaaec82d
- name: github.com/templexxx/xor
  version: 4e92f724b73b7aaf61869bb1ae5817822e738430
- name: github.com/tjfoc/gmsm
  version: 0b26aafa7604a3cd63d76facfb62dc7885c068fa
  subpackages:
  - sm4
- name: github.com/urfave/cli
  version: cfb38830724cc34fedffe9a2a29fb54fa9169cd1
- name: github.com/xtaci/kcp-go
  version: f48db19e7a48fe347571d6bfc52a7585a53c5315
- name: github.com/xtaci/smux
  version: f19baee51e87c9f0d42f61380893caad7bfabf3d
- name: golang.org/x/crypto
  version: 4d3f4d9ffa16a13f451c3b2999e9c49e9750bf06
  repo: https://github.com/golang/crypto
  vcs: git
  subpackages:
  - blowfish
  - cast5
  - internal/subtle
  - pbkdf2
  - salsa20
  - salsa20/salsa
  - tea
  - twofish
  - xtea
- name: golang.org/x/net
  version: c10e9556a7bc0e7c942242b606f0acf024ad5d6a
  repo: https://github.com/golang/net
  vcs: git
  subpackages:
  - bpf
  - html
  - html/atom
  - html/charset
  - internal/iana
  - internal/socket
  - ipv4
- name: golang.org/x/sys
  version: 9b800f95dbbc54abff0acf7ee32d88ba4e328c89
  repo: https://github.com/golang/sys
  vcs: git
  subpackages:
  - unix
  - windows
- name: golang.org/x/text
  version: 6f44c5a2ea40ee3593d98cdcc905cc1fdaa660e2
  subpackages:
  - encoding
  - encoding/charmap
  - encoding/htmlindex
  - encoding/internal
  - encoding/internal/identifier
  - encoding/japanese
  - encoding/korean
  - encoding/simplifiedchinese
  - encoding/traditionalchinese
  - encoding/unicode
  - internal/language
  - internal/language/compact
  - internal/tag
  - internal/utf8internal
  - language
  - runes
  - transform
testImports: []
