hash: f51bca4c8f24f380c1f0e029a01e6d69a442c2fbb8dffd1232968667006710a6
updated: 2019-05-29T19:48:00.633588-07:00
imports:
- name: github.com/bitly/go-simplejson
  version: 9db4a59bd4d803ae0c173a7d8a538e056cd59d57
- name: github.com/gogo/protobuf
  version: 636bf0302bc95575d69441b25a2603156ffdddf1
  subpackages:
  - gogoproto
  - jsonpb
  - proto
  - protoc-gen-gogo/descriptor
  - sortkeys
  - types
- name: github.com/golang/crypto
  version: 22d7a77e9e5f409e934ed268692e56707cd169e5
  subpackages:
  - ripemd160
  - ssh/terminal
- name: github.com/golang/protobuf
  version: aa810b61a9c79d51363740d207bb46cf8e620ed5
  subpackages:
  - proto
- name: github.com/golang/snappy
  version: 2a8bb927dd31d8daada140a5d09578521ce5c36a
- name: github.com/google/uuid
  version: c2e93f3ae59f2904160ceaab466009f965df46d6
- name: github.com/gorilla/websocket
  version: 66b9c49e59c6c48f0ffce28c2d8b8a5678502c6d
- name: github.com/hashicorp/yamux
  version: 2f1d1f20f75d5404f53b9edf6b53ed5505508675
- name: github.com/huin/goupnp
  version: 656e61dfadd241c7cbdd22a023fa81ecb6860ea8
  subpackages:
  - dcps/internetgateway1
  - dcps/internetgateway2
  - httpu
  - scpd
  - soap
  - ssdp
- name: github.com/imdario/mergo
  version: 9f23e2d6bd2a77f959b2bf6acdbefd708a83a4a4
- name: github.com/itchyny/base58-go
  version: 4ff5679a8f9daefa3b889eadf0d6c4b9c8c24c3f
- name: github.com/jackpal/gateway
  version: cbcf4e3f3baee7952fc386c8b2534af4d267c875
- name: github.com/jackpal/go-nat-pmp
  version: d89d09f6f3329bc3c2479aa3cafd76a5aa93a35c
- name: github.com/jpillora/backoff
  version: 3050d21c67d7c46b07ca1b5e1be0b26669c8d04c
- name: github.com/klauspost/cpuid
  version: 05a8198c0f5a27739aec358908d7e12c64ce6eb7
- name: github.com/klauspost/reedsolomon
  version: 0883d2f0110ebc0d49684b4701e1d528422339c9
- name: github.com/nknorg/go-nat
  version: 6339479af9cce1e6c4f5efe96c0306fb6149397c
- name: github.com/nknorg/go-portscanner
  version: 8493ef01db79ae14a973300a38600c7400e265d8
- name: github.com/nknorg/gopass
  version: 9ddc09fe41c891b7987acd1bf75f9067a56c17f5
- name: github.com/nknorg/nnet
  version: 583de1ec8ccf45661b710d3b6d3a4833c57b80e3
  subpackages:
  - cache
  - common
  - config
  - log
  - message
  - middleware
  - multiplexer
  - node
  - overlay
  - overlay/chord
  - overlay/routing
  - protobuf
  - transport
  - util
- name: github.com/op/go-logging
  version: 970db520ece77730c7e4724c61121037378659d9
- name: github.com/patrickmn/go-cache
  version: a3647f8e31d79543b2d0f0ae2fe5c379d72cedc0
- name: github.com/pborman/uuid
  version: adf5a7427709b9deb95d29d3fa8a2bf9cfd388f1
- name: github.com/pkg/errors
  version: 27936f6d90f9c8e1145f11ed52ffffbfdb9e0af7
- name: github.com/rdegges/go-ipify
  version: 2d94a6a86c4055118cc30fae2aaed47ec01f2210
- name: github.com/syndtr/goleveldb
  version: c3a204f8e96543bb0cc090385c001078f184fc46
  subpackages:
  - leveldb
  - leveldb/cache
  - leveldb/comparer
  - leveldb/errors
  - leveldb/filter
  - leveldb/iterator
  - leveldb/journal
  - leveldb/memdb
  - leveldb/opt
  - leveldb/storage
  - leveldb/table
  - leveldb/util
- name: github.com/templexxx/cpufeat
  version: cef66df7f161dee20f4d650da7268d77eaaec82d
- name: github.com/templexxx/xor
  version: 4e92f724b73b7aaf61869bb1ae5817822e738430
- name: github.com/tjfoc/gmsm
  version: 18fd8096dc8a3dcd43e9eccbdb4ef598900ae252
  subpackages:
  - sm4
- name: github.com/urfave/cli
  version: cfb38830724cc34fedffe9a2a29fb54fa9169cd1
- name: github.com/xtaci/kcp-go
  version: f48db19e7a48fe347571d6bfc52a7585a53c5315
- name: github.com/xtaci/smux
  version: 3752dae3e12b585d3c5fc03ba0bfaf9a2f19a19a
- name: golang.org/x/crypto
  version: 22d7a77e9e5f409e934ed268692e56707cd169e5
  subpackages:
  - blowfish
  - cast5
  - curve25519
  - ed25519
  - ed25519/internal/edwards25519
  - internal/subtle
  - pbkdf2
  - salsa20
  - salsa20/salsa
  - tea
  - twofish
  - xtea
- name: golang.org/x/net
  version: f3200d17e092c607f615320ecaad13d87ad9a2b3
  repo: https://github.com/golang/net
  vcs: git
  subpackages:
  - bpf
  - html
  - html/atom
  - html/charset
  - internal/iana
  - internal/socket
  - ipv4
- name: golang.org/x/sys
  version: 6a60838ec2595395fabc7b2e6c2ae9fb5a87722d
  repo: https://github.com/golang/sys
  vcs: git
  subpackages:
  - unix
  - windows
- name: golang.org/x/text
  version: 342b2e1fbaa52c93f31447ad2c6abc048c63e475
  subpackages:
  - encoding
  - encoding/charmap
  - encoding/htmlindex
  - encoding/internal
  - encoding/internal/identifier
  - encoding/japanese
  - encoding/korean
  - encoding/simplifiedchinese
  - encoding/traditionalchinese
  - encoding/unicode
  - internal/language
  - internal/language/compact
  - internal/tag
  - internal/utf8internal
  - language
  - runes
  - transform
testImports:
- name: github.com/NKNetwork/coniks-go
  version: c87a66492e5b0b4d96d5a4ba66c4605217efe36e
  subpackages:
  - crypto/internal/ed25519/edwards25519
