hash: cd8c1b38e78fe9494ff681049ea0721a7c41e56bf94adc9d78a0cf867905c4c0
updated: 2018-04-16T14:18:41.165119+08:00
imports:
- name: github.com/bitly/go-simplejson
  version: da1a8928f709389522c8023062a3739f3b4af419
- name: github.com/cbocovic/chord
  version: 17010ac448d4dbf5db278dce5546f926fdc29d84
  subpackages:
  - internal
- name: github.com/dnaproject/gopass
  version: 3d5cac4c3c49028515a6f149131ef897100b71c2
- name: github.com/golang/crypto
  version: 459e26527287adbc2adcc5d0d49abff9a5f315a7
  subpackages:
  - ripemd160
  - ssh/terminal
- name: github.com/golang/protobuf
  version: e09c5db296004fbe3f74490e84dcd62c3c5ddb1b
  subpackages:
  - proto
- name: github.com/golang/snappy
  version: 553a641470496b2327abcac10b36396bd98e45c9
- name: github.com/gorilla/websocket
  version: a91eba7f97777409bc2c443f5534d41dd20c5720
- name: github.com/itchyny/base58-go
  version: 4b24a7dfa1bfba3724ffb3598b1c6ded1cff087f
- name: github.com/pborman/uuid
  version: 1b00554d822231195d1babd97ff4a781231955c9
  subpackages:
  - crypto/secp256k1
  - crypto/sha3
  - params
- name: github.com/syndtr/goleveldb
  version: 3c5717caf1475fd25964109a0fc640bd150fce43
  subpackages:
  - leveldb
  - leveldb/cache
  - leveldb/comparer
  - leveldb/errors
  - leveldb/filter
  - leveldb/iterator
  - leveldb/journal
  - leveldb/memdb
  - leveldb/opt
  - leveldb/storage
  - leveldb/table
  - leveldb/util
- name: github.com/urfave/cli
  version: f6e8084112db1c3aa9c1e4144f024ab549ea08c1
- name: github.com/whyrusleeping/tar-utils
  version: e8a5890cfc9d59a203361237581468780d945b6e
testImports: []
